
Microsoft Visual Studio Solution File, Format Version 12.00
# Visual Studio Version 16
VisualStudioVersion = 16.0.29326.143
MinimumVisualStudioVersion = 10.0.40219.1
Project("{9A19103F-16F7-4668-BE54-9A1E7A4F7556}") = "Net-Core-JS-Encryption-Decryption", "Net-Core-JS-Encryption-Decryption\Net-Core-JS-Encryption-Decryption.csproj", "{CC684E7C-2D32-41F6-AE78-E44F72A33D66}"
EndProject
Project("{9A19103F-16F7-4668-BE54-9A1E7A4F7556}") = "Test-Console-App", "Test-Console-App\Test-Console-App.csproj", "{0E31C337-89DB-4E52-BE17-08BCAC6CB7F6}"
EndProject
Global
	GlobalSection(SolutionConfigurationPlatforms) = preSolution
		Debug|Any CPU = Debug|Any CPU
		Release|Any CPU = Release|Any CPU
	EndGlobalSection
	GlobalSection(ProjectConfigurationPlatforms) = postSolution
		{CC684E7C-2D32-41F6-AE78-E44F72A33D66}.Debug|Any CPU.ActiveCfg = Debug|Any CPU
		{CC684E7C-2D32-41F6-AE78-E44F72A33D66}.Debug|Any CPU.Build.0 = Debug|Any CPU
		{CC684E7C-2D32-41F6-AE78-E44F72A33D66}.Release|Any CPU.ActiveCfg = Release|Any CPU
		{CC684E7C-2D32-41F6-AE78-E44F72A33D66}.Release|Any CPU.Build.0 = Release|Any CPU
		{0E31C337-89DB-4E52-BE17-08BCAC6CB7F6}.Debug|Any CPU.ActiveCfg = Debug|Any CPU
		{0E31C337-89DB-4E52-BE17-08BCAC6CB7F6}.Debug|Any CPU.Build.0 = Debug|Any CPU
		{0E31C337-89DB-4E52-BE17-08BCAC6CB7F6}.Release|Any CPU.ActiveCfg = Release|Any CPU
		{0E31C337-89DB-4E52-BE17-08BCAC6CB7F6}.Release|Any CPU.Build.0 = Release|Any CPU
	EndGlobalSection
	GlobalSection(SolutionProperties) = preSolution
		HideSolutionNode = FALSE
	EndGlobalSection
	GlobalSection(ExtensibilityGlobals) = postSolution
		SolutionGuid = {64B76777-B32E-4426-A639-7BB8FBA287AA}
	EndGlobalSection
EndGlobal
