
Microsoft Visual Studio Solution File, Format Version 12.00
# Visual Studio Version 16
VisualStudioVersion = 16.0.29306.81
MinimumVisualStudioVersion = 10.0.40219.1
Project("{FAE04EC0-301F-11D3-BF4B-00C04F79EFBC}") = "DotNet_Js_Encryption_Decryption-Console", "DotNet_Js_Encryption_Decryption-Console.csproj", "{30380082-55B2-4369-8D8B-511C941AAB87}"
EndProject
Project("{FAE04EC0-301F-11D3-BF4B-00C04F79EFBC}") = "Net-Core-JS-Encryption-Decryption", "..\Net-Core-JS-Encryption-Decryption\Net-Core-JS-Encryption-Decryption.csproj", "{62D6E636-E370-46CF-AFCE-8492EBF52283}"
EndProject
Global
	GlobalSection(SolutionConfigurationPlatforms) = preSolution
		Debug|Any CPU = Debug|Any CPU
		Release|Any CPU = Release|Any CPU
	EndGlobalSection
	GlobalSection(ProjectConfigurationPlatforms) = postSolution
		{30380082-55B2-4369-8D8B-511C941AAB87}.Debug|Any CPU.ActiveCfg = Debug|Any CPU
		{30380082-55B2-4369-8D8B-511C941AAB87}.Debug|Any CPU.Build.0 = Debug|Any CPU
		{30380082-55B2-4369-8D8B-511C941AAB87}.Release|Any CPU.ActiveCfg = Release|Any CPU
		{30380082-55B2-4369-8D8B-511C941AAB87}.Release|Any CPU.Build.0 = Release|Any CPU
		{62D6E636-E370-46CF-AFCE-8492EBF52283}.Debug|Any CPU.ActiveCfg = Debug|Any CPU
		{62D6E636-E370-46CF-AFCE-8492EBF52283}.Debug|Any CPU.Build.0 = Debug|Any CPU
		{62D6E636-E370-46CF-AFCE-8492EBF52283}.Release|Any CPU.ActiveCfg = Release|Any CPU
		{62D6E636-E370-46CF-AFCE-8492EBF52283}.Release|Any CPU.Build.0 = Release|Any CPU
	EndGlobalSection
	GlobalSection(SolutionProperties) = preSolution
		HideSolutionNode = FALSE
	EndGlobalSection
	GlobalSection(ExtensibilityGlobals) = postSolution
		SolutionGuid = {C046E315-8D2B-4615-970B-D1B945992466}
	EndGlobalSection
EndGlobal
